
Microsoft Visual Studio Solution File, Format Version 12.00
# Visual Studio Version 17
VisualStudioVersion = 17.7.34221.43
MinimumVisualStudioVersion = 10.0.40219.1
Project("{FAE04EC0-301F-11D3-BF4B-00C04F79EFBC}") = "LINQCheatsheet", "LINQCheatsheet\LINQCheatsheet.csproj", "{90C9354C-0CAD-4D2D-9F93-4E9493097F12}"
EndProject
Global
	GlobalSection(SolutionConfigurationPlatforms) = preSolution
		Debug|Any CPU = Debug|Any CPU
		Release|Any CPU = Release|Any CPU
	EndGlobalSection
	GlobalSection(ProjectConfigurationPlatforms) = postSolution
		{90C9354C-0CAD-4D2D-9F93-4E9493097F12}.Debug|Any CPU.ActiveCfg = Debug|Any CPU
		{90C9354C-0CAD-4D2D-9F93-4E9493097F12}.Debug|Any CPU.Build.0 = Debug|Any CPU
		{90C9354C-0CAD-4D2D-9F93-4E9493097F12}.Release|Any CPU.ActiveCfg = Release|Any CPU
		{90C9354C-0CAD-4D2D-9F93-4E9493097F12}.Release|Any CPU.Build.0 = Release|Any CPU
	EndGlobalSection
	GlobalSection(SolutionProperties) = preSolution
		HideSolutionNode = FALSE
	EndGlobalSection
	GlobalSection(ExtensibilityGlobals) = postSolution
		SolutionGuid = {343AC4A3-60D1-42E1-9358-29637B5B6EA3}
	EndGlobalSection
EndGlobal
